
Microsoft Visual Studio Solution File, Format Version 12.00
# Visual Studio Version 16
VisualStudioVersion = 16.0.31702.278
MinimumVisualStudioVersion = 10.0.40219.1
Project("{9A19103F-16F7-4668-BE54-9A1E7A4F7556}") = "Library_Home_Works", "Library_Home_Works\Library_Home_Works.csproj", "{862E4A3E-E231-439D-8428-F4BF86C61CF6}"
EndProject
Project("{FAE04EC0-301F-11D3-BF4B-00C04F79EFBC}") = "Library_Home_Works.Tests", "Library_Home_Works.Tests\Library_Home_Works.Tests.csproj", "{D19EF94D-8781-4EFF-86EB-8FBC52B5521D}"
EndProject
Global
	GlobalSection(SolutionConfigurationPlatforms) = preSolution
		Debug|Any CPU = Debug|Any CPU
		Release|Any CPU = Release|Any CPU
	EndGlobalSection
	GlobalSection(ProjectConfigurationPlatforms) = postSolution
		{862E4A3E-E231-439D-8428-F4BF86C61CF6}.Debug|Any CPU.ActiveCfg = Debug|Any CPU
		{862E4A3E-E231-439D-8428-F4BF86C61CF6}.Debug|Any CPU.Build.0 = Debug|Any CPU
		{862E4A3E-E231-439D-8428-F4BF86C61CF6}.Release|Any CPU.ActiveCfg = Release|Any CPU
		{862E4A3E-E231-439D-8428-F4BF86C61CF6}.Release|Any CPU.Build.0 = Release|Any CPU
		{D19EF94D-8781-4EFF-86EB-8FBC52B5521D}.Debug|Any CPU.ActiveCfg = Debug|Any CPU
		{D19EF94D-8781-4EFF-86EB-8FBC52B5521D}.Debug|Any CPU.Build.0 = Debug|Any CPU
		{D19EF94D-8781-4EFF-86EB-8FBC52B5521D}.Release|Any CPU.ActiveCfg = Release|Any CPU
		{D19EF94D-8781-4EFF-86EB-8FBC52B5521D}.Release|Any CPU.Build.0 = Release|Any CPU
	EndGlobalSection
	GlobalSection(SolutionProperties) = preSolution
		HideSolutionNode = FALSE
	EndGlobalSection
	GlobalSection(ExtensibilityGlobals) = postSolution
		SolutionGuid = {C724CFDC-33C4-4A62-929E-C66F00EC58E9}
	EndGlobalSection
EndGlobal
